
Microsoft Visual Studio Solution File, Format Version 12.00
# Visual Studio Version 17
VisualStudioVersion = 17.0.32126.317
MinimumVisualStudioVersion = 10.0.40219.1
Project("{FAE04EC0-301F-11D3-BF4B-00C04F79EFBC}") = "1.1", "1.1\1.1.csproj", "{0A24E9A8-EC98-4D09-9D16-385A775FB31F}"
EndProject
Global
	GlobalSection(SolutionConfigurationPlatforms) = preSolution
		Debug|Any CPU = Debug|Any CPU
		Release|Any CPU = Release|Any CPU
	EndGlobalSection
	GlobalSection(ProjectConfigurationPlatforms) = postSolution
		{0A24E9A8-EC98-4D09-9D16-385A775FB31F}.Debug|Any CPU.ActiveCfg = Debug|Any CPU
		{0A24E9A8-EC98-4D09-9D16-385A775FB31F}.Debug|Any CPU.Build.0 = Debug|Any CPU
		{0A24E9A8-EC98-4D09-9D16-385A775FB31F}.Release|Any CPU.ActiveCfg = Release|Any CPU
		{0A24E9A8-EC98-4D09-9D16-385A775FB31F}.Release|Any CPU.Build.0 = Release|Any CPU
	EndGlobalSection
	GlobalSection(SolutionProperties) = preSolution
		HideSolutionNode = FALSE
	EndGlobalSection
	GlobalSection(ExtensibilityGlobals) = postSolution
		SolutionGuid = {84339850-020D-41D5-AE15-5289DF701A62}
	EndGlobalSection
EndGlobal
