
Microsoft Visual Studio Solution File, Format Version 12.00
# Visual Studio Version 17
VisualStudioVersion = 17.0.32126.317
MinimumVisualStudioVersion = 10.0.40219.1
Project("{FAE04EC0-301F-11D3-BF4B-00C04F79EFBC}") = "1.11", "1.11\1.11.csproj", "{2D6BEFB0-1396-4047-96FA-FEB75ED01DEB}"
EndProject
Global
	GlobalSection(SolutionConfigurationPlatforms) = preSolution
		Debug|Any CPU = Debug|Any CPU
		Release|Any CPU = Release|Any CPU
	EndGlobalSection
	GlobalSection(ProjectConfigurationPlatforms) = postSolution
		{2D6BEFB0-1396-4047-96FA-FEB75ED01DEB}.Debug|Any CPU.ActiveCfg = Debug|Any CPU
		{2D6BEFB0-1396-4047-96FA-FEB75ED01DEB}.Debug|Any CPU.Build.0 = Debug|Any CPU
		{2D6BEFB0-1396-4047-96FA-FEB75ED01DEB}.Release|Any CPU.ActiveCfg = Release|Any CPU
		{2D6BEFB0-1396-4047-96FA-FEB75ED01DEB}.Release|Any CPU.Build.0 = Release|Any CPU
	EndGlobalSection
	GlobalSection(SolutionProperties) = preSolution
		HideSolutionNode = FALSE
	EndGlobalSection
	GlobalSection(ExtensibilityGlobals) = postSolution
		SolutionGuid = {10B3FCD5-EF3E-4565-8A73-C7E4060A1551}
	EndGlobalSection
EndGlobal
