
Microsoft Visual Studio Solution File, Format Version 12.00
# Visual Studio Version 17
VisualStudioVersion = 17.0.32126.317
MinimumVisualStudioVersion = 10.0.40219.1
Project("{FAE04EC0-301F-11D3-BF4B-00C04F79EFBC}") = "1.12", "1.12\1.12.csproj", "{184F6405-112C-483A-9BA8-FB9CA5C1EDBF}"
EndProject
Global
	GlobalSection(SolutionConfigurationPlatforms) = preSolution
		Debug|Any CPU = Debug|Any CPU
		Release|Any CPU = Release|Any CPU
	EndGlobalSection
	GlobalSection(ProjectConfigurationPlatforms) = postSolution
		{184F6405-112C-483A-9BA8-FB9CA5C1EDBF}.Debug|Any CPU.ActiveCfg = Debug|Any CPU
		{184F6405-112C-483A-9BA8-FB9CA5C1EDBF}.Debug|Any CPU.Build.0 = Debug|Any CPU
		{184F6405-112C-483A-9BA8-FB9CA5C1EDBF}.Release|Any CPU.ActiveCfg = Release|Any CPU
		{184F6405-112C-483A-9BA8-FB9CA5C1EDBF}.Release|Any CPU.Build.0 = Release|Any CPU
	EndGlobalSection
	GlobalSection(SolutionProperties) = preSolution
		HideSolutionNode = FALSE
	EndGlobalSection
	GlobalSection(ExtensibilityGlobals) = postSolution
		SolutionGuid = {766BD237-651E-4E5C-B421-FAC88660D94E}
	EndGlobalSection
EndGlobal
