
Microsoft Visual Studio Solution File, Format Version 12.00
# Visual Studio Version 17
VisualStudioVersion = 17.0.32126.317
MinimumVisualStudioVersion = 10.0.40219.1
Project("{FAE04EC0-301F-11D3-BF4B-00C04F79EFBC}") = "2.5", "2.5\2.5.csproj", "{BE566863-8D5E-4AEB-B2BA-04971FB1BFC5}"
EndProject
Global
	GlobalSection(SolutionConfigurationPlatforms) = preSolution
		Debug|Any CPU = Debug|Any CPU
		Release|Any CPU = Release|Any CPU
	EndGlobalSection
	GlobalSection(ProjectConfigurationPlatforms) = postSolution
		{BE566863-8D5E-4AEB-B2BA-04971FB1BFC5}.Debug|Any CPU.ActiveCfg = Debug|Any CPU
		{BE566863-8D5E-4AEB-B2BA-04971FB1BFC5}.Debug|Any CPU.Build.0 = Debug|Any CPU
		{BE566863-8D5E-4AEB-B2BA-04971FB1BFC5}.Release|Any CPU.ActiveCfg = Release|Any CPU
		{BE566863-8D5E-4AEB-B2BA-04971FB1BFC5}.Release|Any CPU.Build.0 = Release|Any CPU
	EndGlobalSection
	GlobalSection(SolutionProperties) = preSolution
		HideSolutionNode = FALSE
	EndGlobalSection
	GlobalSection(ExtensibilityGlobals) = postSolution
		SolutionGuid = {680D2822-A0C3-44B9-9910-DD8A528B0EC5}
	EndGlobalSection
EndGlobal
